
Microsoft Visual Studio Solution File, Format Version 12.00
# Visual Studio Version 17
VisualStudioVersion = 17.7.34031.279
MinimumVisualStudioVersion = 10.0.40219.1
Project("{8BC9CEB8-8B4A-11D0-8D11-00A0C91BC942}") = "POO_DBMS", "POO_DBMS\POO_DBMS.vcxproj", "{31E86017-4A0B-468A-B17E-58F7DD202131}"
EndProject
Global
	GlobalSection(SolutionConfigurationPlatforms) = preSolution
		Debug|x64 = Debug|x64
		Debug|x86 = Debug|x86
		Release|x64 = Release|x64
		Release|x86 = Release|x86
	EndGlobalSection
	GlobalSection(ProjectConfigurationPlatforms) = postSolution
		{31E86017-4A0B-468A-B17E-58F7DD202131}.Debug|x64.ActiveCfg = Debug|x64
		{31E86017-4A0B-468A-B17E-58F7DD202131}.Debug|x64.Build.0 = Debug|x64
		{31E86017-4A0B-468A-B17E-58F7DD202131}.Debug|x86.ActiveCfg = Debug|Win32
		{31E86017-4A0B-468A-B17E-58F7DD202131}.Debug|x86.Build.0 = Debug|Win32
		{31E86017-4A0B-468A-B17E-58F7DD202131}.Release|x64.ActiveCfg = Release|x64
		{31E86017-4A0B-468A-B17E-58F7DD202131}.Release|x64.Build.0 = Release|x64
		{31E86017-4A0B-468A-B17E-58F7DD202131}.Release|x86.ActiveCfg = Release|Win32
		{31E86017-4A0B-468A-B17E-58F7DD202131}.Release|x86.Build.0 = Release|Win32
	EndGlobalSection
	GlobalSection(SolutionProperties) = preSolution
		HideSolutionNode = FALSE
	EndGlobalSection
	GlobalSection(ExtensibilityGlobals) = postSolution
		SolutionGuid = {96ADF680-9641-41E4-B84E-1B30B886D391}
	EndGlobalSection
EndGlobal
